// !$*UTF8*$!
{
	archiveVersion = 1;
	classes = {
	};
	objectVersion = 46;
	objects = {

/* Begin PBXBuildFile section */
		60B350BF18D3453800371513 /* Foundation.framework in Frameworks */ = {isa = PBXBuildFile; fileRef = 60B350BE18D3453800371513 /* Foundation.framework */; };
		60B350C118D3453800371513 /* CoreGraphics.framework in Frameworks */ = {isa = PBXBuildFile; fileRef = 60B350C018D3453800371513 /* CoreGraphics.framework */; };
		60B350C318D3453800371513 /* UIKit.framework in Frameworks */ = {isa = PBXBuildFile; fileRef = 60B350C218D3453800371513 /* UIKit.framework */; };
		60B350C918D3453800371513 /* InfoPlist.strings in Resources */ = {isa = PBXBuildFile; fileRef = 60B350C718D3453800371513 /* InfoPlist.strings */; };
		60B350CB18D3453800371513 /* main.m in Sources */ = {isa = PBXBuildFile; fileRef = 60B350CA18D3453800371513 /* main.m */; };
		60B350CF18D3453800371513 /* AppDelegate.m in Sources */ = {isa = PBXBuildFile; fileRef = 60B350CE18D3453800371513 /* AppDelegate.m */; };
		60B350D118D3453800371513 /* Images.xcassets in Resources */ = {isa = PBXBuildFile; fileRef = 60B350D018D3453800371513 /* Images.xcassets */; };
		60B350D818D3453800371513 /* XCTest.framework in Frameworks */ = {isa = PBXBuildFile; fileRef = 60B350D718D3453800371513 /* XCTest.framework */; };
		60B350D918D3453800371513 /* Foundation.framework in Frameworks */ = {isa = PBXBuildFile; fileRef = 60B350BE18D3453800371513 /* Foundation.framework */; };
		60B350DA18D3453800371513 /* UIKit.framework in Frameworks */ = {isa = PBXBuildFile; fileRef = 60B350C218D3453800371513 /* UIKit.framework */; };
		60B350E218D3453800371513 /* InfoPlist.strings in Resources */ = {isa = PBXBuildFile; fileRef = 60B350E018D3453800371513 /* InfoPlist.strings */; };
		60B350E418D3453800371513 /* _10_NotificationTests.m in Sources */ = {isa = PBXBuildFile; fileRef = 60B350E318D3453800371513 /* _10_NotificationTests.m */; };
		60B350EF18D3454D00371513 /* GRDoctor.m in Sources */ = {isa = PBXBuildFile; fileRef = 60B350EE18D3454D00371513 /* GRDoctor.m */; };
		60B350F218D3455800371513 /* GRGovernment.m in Sources */ = {isa = PBXBuildFile; fileRef = 60B350F118D3455800371513 /* GRGovernment.m */; };
		60B350F518D3466000371513 /* GRPensioner.m in Sources */ = {isa = PBXBuildFile; fileRef = 60B350F418D3466000371513 /* GRPensioner.m */; };
		60B350F818D3468300371513 /* GRBusinessman.m in Sources */ = {isa = PBXBuildFile; fileRef = 60B350F718D3468300371513 /* GRBusinessman.m */; };
		60FB5D3B18D5184400ABC222 /* FakeAppDelegate.m in Sources */ = {isa = PBXBuildFile; fileRef = 60FB5D3A18D5184400ABC222 /* FakeAppDelegate.m */; };
/* End PBXBuildFile section */

/* Begin PBXContainerItemProxy section */
		60B350DB18D3453800371513 /* PBXContainerItemProxy */ = {
			isa = PBXContainerItemProxy;
			containerPortal = 60B350B318D3453800371513 /* Project object */;
			proxyType = 1;
			remoteGlobalIDString = 60B350BA18D3453800371513;
			remoteInfo = _10_Notification;
		};
/* End PBXContainerItemProxy section */

/* Begin PBXFileReference section */
		60B350BB18D3453800371513 /* _10_Notification.app */ = {isa = PBXFileReference; explicitFileType = wrapper.application; includeInIndex = 0; path = _10_Notification.app; sourceTree = BUILT_PRODUCTS_DIR; };
		60B350BE18D3453800371513 /* Foundation.framework */ = {isa = PBXFileReference; lastKnownFileType = wrapper.framework; name = Foundation.framework; path = System/Library/Frameworks/Foundation.framework; sourceTree = SDKROOT; };
		60B350C018D3453800371513 /* CoreGraphics.framework */ = {isa = PBXFileReference; lastKnownFileType = wrapper.framework; name = CoreGraphics.framework; path = System/Library/Frameworks/CoreGraphics.framework; sourceTree = SDKROOT; };
		60B350C218D3453800371513 /* UIKit.framework */ = {isa = PBXFileReference; lastKnownFileType = wrapper.framework; name = UIKit.framework; path = System/Library/Frameworks/UIKit.framework; sourceTree = SDKROOT; };
		60B350C618D3453800371513 /* _10_Notification-Info.plist */ = {isa = PBXFileReference; lastKnownFileType = text.plist.xml; path = "_10_Notification-Info.plist"; sourceTree = "<group>"; };
		60B350C818D3453800371513 /* en */ = {isa = PBXFileReference; lastKnownFileType = text.plist.strings; name = en; path = en.lproj/InfoPlist.strings; sourceTree = "<group>"; };
		60B350CA18D3453800371513 /* main.m */ = {isa = PBXFileReference; lastKnownFileType = sourcecode.c.objc; path = main.m; sourceTree = "<group>"; };
		60B350CC18D3453800371513 /* _10_Notification-Prefix.pch */ = {isa = PBXFileReference; lastKnownFileType = sourcecode.c.h; path = "_10_Notification-Prefix.pch"; sourceTree = "<group>"; };
		60B350CD18D3453800371513 /* AppDelegate.h */ = {isa = PBXFileReference; lastKnownFileType = sourcecode.c.h; path = AppDelegate.h; sourceTree = "<group>"; };
		60B350CE18D3453800371513 /* AppDelegate.m */ = {isa = PBXFileReference; lastKnownFileType = sourcecode.c.objc; path = AppDelegate.m; sourceTree = "<group>"; };
		60B350D018D3453800371513 /* Images.xcassets */ = {isa = PBXFileReference; lastKnownFileType = folder.assetcatalog; path = Images.xcassets; sourceTree = "<group>"; };
		60B350D618D3453800371513 /* _10_NotificationTests.xctest */ = {isa = PBXFileReference; explicitFileType = wrapper.cfbundle; includeInIndex = 0; path = _10_NotificationTests.xctest; sourceTree = BUILT_PRODUCTS_DIR; };
		60B350D718D3453800371513 /* XCTest.framework */ = {isa = PBXFileReference; lastKnownFileType = wrapper.framework; name = XCTest.framework; path = Library/Frameworks/XCTest.framework; sourceTree = DEVELOPER_DIR; };
		60B350DF18D3453800371513 /* _10_NotificationTests-Info.plist */ = {isa = PBXFileReference; lastKnownFileType = text.plist.xml; path = "_10_NotificationTests-Info.plist"; sourceTree = "<group>"; };
		60B350E118D3453800371513 /* en */ = {isa = PBXFileReference; lastKnownFileType = text.plist.strings; name = en; path = en.lproj/InfoPlist.strings; sourceTree = "<group>"; };
		60B350E318D3453800371513 /* _10_NotificationTests.m */ = {isa = PBXFileReference; lastKnownFileType = sourcecode.c.objc; path = _10_NotificationTests.m; sourceTree = "<group>"; };
		60B350ED18D3454D00371513 /* GRDoctor.h */ = {isa = PBXFileReference; fileEncoding = 4; lastKnownFileType = sourcecode.c.h; path = GRDoctor.h; sourceTree = "<group>"; };
		60B350EE18D3454D00371513 /* GRDoctor.m */ = {isa = PBXFileReference; fileEncoding = 4; lastKnownFileType = sourcecode.c.objc; path = GRDoctor.m; sourceTree = "<group>"; };
		60B350F018D3455800371513 /* GRGovernment.h */ = {isa = PBXFileReference; fileEncoding = 4; lastKnownFileType = sourcecode.c.h; path = GRGovernment.h; sourceTree = "<group>"; };
		60B350F118D3455800371513 /* GRGovernment.m */ = {isa = PBXFileReference; fileEncoding = 4; lastKnownFileType = sourcecode.c.objc; path = GRGovernment.m; sourceTree = "<group>"; };
		60B350F318D3466000371513 /* GRPensioner.h */ = {isa = PBXFileReference; fileEncoding = 4; lastKnownFileType = sourcecode.c.h; path = GRPensioner.h; sourceTree = "<group>"; };
		60B350F418D3466000371513 /* GRPensioner.m */ = {isa = PBXFileReference; fileEncoding = 4; lastKnownFileType = sourcecode.c.objc; path = GRPensioner.m; sourceTree = "<group>"; };
		60B350F618D3468300371513 /* GRBusinessman.h */ = {isa = PBXFileReference; fileEncoding = 4; lastKnownFileType = sourcecode.c.h; path = GRBusinessman.h; sourceTree = "<group>"; };
		60B350F718D3468300371513 /* GRBusinessman.m */ = {isa = PBXFileReference; fileEncoding = 4; lastKnownFileType = sourcecode.c.objc; path = GRBusinessman.m; sourceTree = "<group>"; };
		60FB5D3918D5184400ABC222 /* FakeAppDelegate.h */ = {isa = PBXFileReference; fileEncoding = 4; lastKnownFileType = sourcecode.c.h; path = FakeAppDelegate.h; sourceTree = "<group>"; };
		60FB5D3A18D5184400ABC222 /* FakeAppDelegate.m */ = {isa = PBXFileReference; fileEncoding = 4; lastKnownFileType = sourcecode.c.objc; path = FakeAppDelegate.m; sourceTree = "<group>"; };
/* End PBXFileReference section */

/* Begin PBXFrameworksBuildPhase section */
		60B350B818D3453800371513 /* Frameworks */ = {
			isa = PBXFrameworksBuildPhase;
			buildActionMask = 2147483647;
			files = (
				60B350C118D3453800371513 /* CoreGraphics.framework in Frameworks */,
				60B350C318D3453800371513 /* UIKit.framework in Frameworks */,
				60B350BF18D3453800371513 /* Foundation.framework in Frameworks */,
			);
			runOnlyForDeploymentPostprocessing = 0;
		};
		60B350D318D3453800371513 /* Frameworks */ = {
			isa = PBXFrameworksBuildPhase;
			buildActionMask = 2147483647;
			files = (
				60B350D818D3453800371513 /* XCTest.framework in Frameworks */,
				60B350DA18D3453800371513 /* UIKit.framework in Frameworks */,
				60B350D918D3453800371513 /* Foundation.framework in Frameworks */,
			);
			runOnlyForDeploymentPostprocessing = 0;
		};
/* End PBXFrameworksBuildPhase section */

/* Begin PBXGroup section */
		60B350B218D3453800371513 = {
			isa = PBXGroup;
			children = (
				60B350C418D3453800371513 /* _10_Notification */,
				60B350DD18D3453800371513 /* _10_NotificationTests */,
				60B350BD18D3453800371513 /* Frameworks */,
				60B350BC18D3453800371513 /* Products */,
			);
			sourceTree = "<group>";
		};
		60B350BC18D3453800371513 /* Products */ = {
			isa = PBXGroup;
			children = (
				60B350BB18D3453800371513 /* _10_Notification.app */,
				60B350D618D3453800371513 /* _10_NotificationTests.xctest */,
			);
			name = Products;
			sourceTree = "<group>";
		};
		60B350BD18D3453800371513 /* Frameworks */ = {
			isa = PBXGroup;
			children = (
				60B350BE18D3453800371513 /* Foundation.framework */,
				60B350C018D3453800371513 /* CoreGraphics.framework */,
				60B350C218D3453800371513 /* UIKit.framework */,
				60B350D718D3453800371513 /* XCTest.framework */,
			);
			name = Frameworks;
			sourceTree = "<group>";
		};
		60B350C418D3453800371513 /* _10_Notification */ = {
			isa = PBXGroup;
			children = (
				60FB5D3918D5184400ABC222 /* FakeAppDelegate.h */,
				60FB5D3A18D5184400ABC222 /* FakeAppDelegate.m */,
				60B350F618D3468300371513 /* GRBusinessman.h */,
				60B350F718D3468300371513 /* GRBusinessman.m */,
				60B350F318D3466000371513 /* GRPensioner.h */,
				60B350F418D3466000371513 /* GRPensioner.m */,
				60B350ED18D3454D00371513 /* GRDoctor.h */,
				60B350EE18D3454D00371513 /* GRDoctor.m */,
				60B350F018D3455800371513 /* GRGovernment.h */,
				60B350F118D3455800371513 /* GRGovernment.m */,
				60B350CD18D3453800371513 /* AppDelegate.h */,
				60B350CE18D3453800371513 /* AppDelegate.m */,
				60B350D018D3453800371513 /* Images.xcassets */,
				60B350C518D3453800371513 /* Supporting Files */,
			);
			path = _10_Notification;
			sourceTree = "<group>";
		};
		60B350C518D3453800371513 /* Supporting Files */ = {
			isa = PBXGroup;
			children = (
				60B350C618D3453800371513 /* _10_Notification-Info.plist */,
				60B350C718D3453800371513 /* InfoPlist.strings */,
				60B350CA18D3453800371513 /* main.m */,
				60B350CC18D3453800371513 /* _10_Notification-Prefix.pch */,
			);
			name = "Supporting Files";
			sourceTree = "<group>";
		};
		60B350DD18D3453800371513 /* _10_NotificationTests */ = {
			isa = PBXGroup;
			children = (
				60B350E318D3453800371513 /* _10_NotificationTests.m */,
				60B350DE18D3453800371513 /* Supporting Files */,
			);
			path = _10_NotificationTests;
			sourceTree = "<group>";
		};
		60B350DE18D3453800371513 /* Supporting Files */ = {
			isa = PBXGroup;
			children = (
				60B350DF18D3453800371513 /* _10_NotificationTests-Info.plist */,
				60B350E018D3453800371513 /* InfoPlist.strings */,
			);
			name = "Supporting Files";
			sourceTree = "<group>";
		};
/* End PBXGroup section */

/* Begin PBXNativeTarget section */
		60B350BA18D3453800371513 /* _10_Notification */ = {
			isa = PBXNativeTarget;
			buildConfigurationList = 60B350E718D3453800371513 /* Build configuration list for PBXNativeTarget "_10_Notification" */;
			buildPhases = (
				60B350B718D3453800371513 /* Sources */,
				60B350B818D3453800371513 /* Frameworks */,
				60B350B918D3453800371513 /* Resources */,
			);
			buildRules = (
			);
			dependencies = (
			);
			name = _10_Notification;
			productName = _10_Notification;
			productReference = 60B350BB18D3453800371513 /* _10_Notification.app */;
			productType = "com.apple.product-type.application";
		};
		60B350D518D3453800371513 /* _10_NotificationTests */ = {
			isa = PBXNativeTarget;
			buildConfigurationList = 60B350EA18D3453800371513 /* Build configuration list for PBXNativeTarget "_10_NotificationTests" */;
			buildPhases = (
				60B350D218D3453800371513 /* Sources */,
				60B350D318D3453800371513 /* Frameworks */,
				60B350D418D3453800371513 /* Resources */,
			);
			buildRules = (
			);
			dependencies = (
				60B350DC18D3453800371513 /* PBXTargetDependency */,
			);
			name = _10_NotificationTests;
			productName = _10_NotificationTests;
			productReference = 60B350D618D3453800371513 /* _10_NotificationTests.xctest */;
			productType = "com.apple.product-type.bundle.unit-test";
		};
/* End PBXNativeTarget section */

/* Begin PBXProject section */
		60B350B318D3453800371513 /* Project object */ = {
			isa = PBXProject;
			attributes = {
				LastUpgradeCheck = 0510;
				ORGANIZATIONNAME = Evgenia;
				TargetAttributes = {
					60B350D518D3453800371513 = {
						TestTargetID = 60B350BA18D3453800371513;
					};
				};
			};
			buildConfigurationList = 60B350B618D3453800371513 /* Build configuration list for PBXProject "_10_Notification" */;
			compatibilityVersion = "Xcode 3.2";
			developmentRegion = English;
			hasScannedForEncodings = 0;
			knownRegions = (
				en,
			);
			mainGroup = 60B350B218D3453800371513;
			productRefGroup = 60B350BC18D3453800371513 /* Products */;
			projectDirPath = "";
			projectRoot = "";
			targets = (
				60B350BA18D3453800371513 /* _10_Notification */,
				60B350D518D3453800371513 /* _10_NotificationTests */,
			);
		};
/* End PBXProject section */

/* Begin PBXResourcesBuildPhase section */
		60B350B918D3453800371513 /* Resources */ = {
			isa = PBXResourcesBuildPhase;
			buildActionMask = 2147483647;
			files = (
				60B350C918D3453800371513 /* InfoPlist.strings in Resources */,
				60B350D118D3453800371513 /* Images.xcassets in Resources */,
			);
			runOnlyForDeploymentPostprocessing = 0;
		};
		60B350D418D3453800371513 /* Resources */ = {
			isa = PBXResourcesBuildPhase;
			buildActionMask = 2147483647;
			files = (
				60B350E218D3453800371513 /* InfoPlist.strings in Resources */,
			);
			runOnlyForDeploymentPostprocessing = 0;
		};
/* End PBXResourcesBuildPhase section */

/* Begin PBXSourcesBuildPhase section */
		60B350B718D3453800371513 /* Sources */ = {
			isa = PBXSourcesBuildPhase;
			buildActionMask = 2147483647;
			files = (
				60B350F518D3466000371513 /* GRPensioner.m in Sources */,
				60B350F818D3468300371513 /* GRBusinessman.m in Sources */,
				60FB5D3B18D5184400ABC222 /* FakeAppDelegate.m in Sources */,
				60B350CF18D3453800371513 /* AppDelegate.m in Sources */,
				60B350EF18D3454D00371513 /* GRDoctor.m in Sources */,
				60B350CB18D3453800371513 /* main.m in Sources */,
				60B350F218D3455800371513 /* GRGovernment.m in Sources */,
			);
			runOnlyForDeploymentPostprocessing = 0;
		};
		60B350D218D3453800371513 /* Sources */ = {
			isa = PBXSourcesBuildPhase;
			buildActionMask = 2147483647;
			files = (
				60B350E418D3453800371513 /* _10_NotificationTests.m in Sources */,
			);
			runOnlyForDeploymentPostprocessing = 0;
		};
/* End PBXSourcesBuildPhase section */

/* Begin PBXTargetDependency section */
		60B350DC18D3453800371513 /* PBXTargetDependency */ = {
			isa = PBXTargetDependency;
			target = 60B350BA18D3453800371513 /* _10_Notification */;
			targetProxy = 60B350DB18D3453800371513 /* PBXContainerItemProxy */;
		};
/* End PBXTargetDependency section */

/* Begin PBXVariantGroup section */
		60B350C718D3453800371513 /* InfoPlist.strings */ = {
			isa = PBXVariantGroup;
			children = (
				60B350C818D3453800371513 /* en */,
			);
			name = InfoPlist.strings;
			sourceTree = "<group>";
		};
		60B350E018D3453800371513 /* InfoPlist.strings */ = {
			isa = PBXVariantGroup;
			children = (
				60B350E118D3453800371513 /* en */,
			);
			name = InfoPlist.strings;
			sourceTree = "<group>";
		};
/* End PBXVariantGroup section */

/* Begin XCBuildConfiguration section */
		60B350E518D3453800371513 /* Debug */ = {
			isa = XCBuildConfiguration;
			buildSettings = {
				ALWAYS_SEARCH_USER_PATHS = NO;
				CLANG_CXX_LANGUAGE_STANDARD = "gnu++0x";
				CLANG_CXX_LIBRARY = "libc++";
				CLANG_ENABLE_MODULES = YES;
				CLANG_ENABLE_OBJC_ARC = YES;
				CLANG_WARN_BOOL_CONVERSION = YES;
				CLANG_WARN_CONSTANT_CONVERSION = YES;
				CLANG_WARN_DIRECT_OBJC_ISA_USAGE = YES_ERROR;
				CLANG_WARN_EMPTY_BODY = YES;
				CLANG_WARN_ENUM_CONVERSION = YES;
				CLANG_WARN_INT_CONVERSION = YES;
				CLANG_WARN_OBJC_ROOT_CLASS = YES_ERROR;
				CLANG_WARN__DUPLICATE_METHOD_MATCH = YES;
				"CODE_SIGN_IDENTITY[sdk=iphoneos*]" = "iPhone Developer";
				COPY_PHASE_STRIP = NO;
				GCC_C_LANGUAGE_STANDARD = gnu99;
				GCC_DYNAMIC_NO_PIC = NO;
				GCC_OPTIMIZATION_LEVEL = 0;
				GCC_PREPROCESSOR_DEFINITIONS = (
					"DEBUG=1",
					"$(inherited)",
				);
				GCC_SYMBOLS_PRIVATE_EXTERN = NO;
				GCC_WARN_64_TO_32_BIT_CONVERSION = YES;
				GCC_WARN_ABOUT_RETURN_TYPE = YES_ERROR;
				GCC_WARN_UNDECLARED_SELECTOR = YES;
				GCC_WARN_UNINITIALIZED_AUTOS = YES_AGGRESSIVE;
				GCC_WARN_UNUSED_FUNCTION = YES;
				GCC_WARN_UNUSED_VARIABLE = YES;
				IPHONEOS_DEPLOYMENT_TARGET = 7.1;
				ONLY_ACTIVE_ARCH = YES;
				SDKROOT = iphoneos;
			};
			name = Debug;
		};
		60B350E618D3453800371513 /* Release */ = {
			isa = XCBuildConfiguration;
			buildSettings = {
				ALWAYS_SEARCH_USER_PATHS = NO;
				CLANG_CXX_LANGUAGE_STANDARD = "gnu++0x";
				CLANG_CXX_LIBRARY = "libc++";
				CLANG_ENABLE_MODULES = YES;
				CLANG_ENABLE_OBJC_ARC = YES;
				CLANG_WARN_BOOL_CONVERSION = YES;
				CLANG_WARN_CONSTANT_CONVERSION = YES;
				CLANG_WARN_DIRECT_OBJC_ISA_USAGE = YES_ERROR;
				CLANG_WARN_EMPTY_BODY = YES;
				CLANG_WARN_ENUM_CONVERSION = YES;
				CLANG_WARN_INT_CONVERSION = YES;
				CLANG_WARN_OBJC_ROOT_CLASS = YES_ERROR;
				CLANG_WARN__DUPLICATE_METHOD_MATCH = YES;
				"CODE_SIGN_IDENTITY[sdk=iphoneos*]" = "iPhone Developer";
				COPY_PHASE_STRIP = YES;
				ENABLE_NS_ASSERTIONS = NO;
				GCC_C_LANGUAGE_STANDARD = gnu99;
				GCC_WARN_64_TO_32_BIT_CONVERSION = YES;
				GCC_WARN_ABOUT_RETURN_TYPE = YES_ERROR;
				GCC_WARN_UNDECLARED_SELECTOR = YES;
				GCC_WARN_UNINITIALIZED_AUTOS = YES_AGGRESSIVE;
				GCC_WARN_UNUSED_FUNCTION = YES;
				GCC_WARN_UNUSED_VARIABLE = YES;
				IPHONEOS_DEPLOYMENT_TARGET = 7.1;
				SDKROOT = iphoneos;
				VALIDATE_PRODUCT = YES;
			};
			name = Release;
		};
		60B350E818D3453800371513 /* Debug */ = {
			isa = XCBuildConfiguration;
			buildSettings = {
				ASSETCATALOG_COMPILER_APPICON_NAME = AppIcon;
				ASSETCATALOG_COMPILER_LAUNCHIMAGE_NAME = LaunchImage;
				GCC_PRECOMPILE_PREFIX_HEADER = YES;
				GCC_PREFIX_HEADER = "_10_Notification/_10_Notification-Prefix.pch";
				INFOPLIST_FILE = "_10_Notification/_10_Notification-Info.plist";
				PRODUCT_NAME = "$(TARGET_NAME)";
				WRAPPER_EXTENSION = app;
			};
			name = Debug;
		};
		60B350E918D3453800371513 /* Release */ = {
			isa = XCBuildConfiguration;
			buildSettings = {
				ASSETCATALOG_COMPILER_APPICON_NAME = AppIcon;
				ASSETCATALOG_COMPILER_LAUNCHIMAGE_NAME = LaunchImage;
				GCC_PRECOMPILE_PREFIX_HEADER = YES;
				GCC_PREFIX_HEADER = "_10_Notification/_10_Notification-Prefix.pch";
				INFOPLIST_FILE = "_10_Notification/_10_Notification-Info.plist";
				PRODUCT_NAME = "$(TARGET_NAME)";
				WRAPPER_EXTENSION = app;
			};
			name = Release;
		};
		60B350EB18D3453800371513 /* Debug */ = {
			isa = XCBuildConfiguration;
			buildSettings = {
				BUNDLE_LOADER = "$(BUILT_PRODUCTS_DIR)/_10_Notification.app/_10_Notification";
				FRAMEWORK_SEARCH_PATHS = (
					"$(SDKROOT)/Developer/Library/Frameworks",
					"$(inherited)",
					"$(DEVELOPER_FRAMEWORKS_DIR)",
				);
				GCC_PRECOMPILE_PREFIX_HEADER = YES;
				GCC_PREFIX_HEADER = "_10_Notification/_10_Notification-Prefix.pch";
				GCC_PREPROCESSOR_DEFINITIONS = (
					"DEBUG=1",
					"$(inherited)",
				);
				INFOPLIST_FILE = "_10_NotificationTests/_10_NotificationTests-Info.plist";
				PRODUCT_NAME = "$(TARGET_NAME)";
				TEST_HOST = "$(BUNDLE_LOADER)";
				WRAPPER_EXTENSION = xctest;
			};
			name = Debug;
		};
		60B350EC18D3453800371513 /* Release */ = {
			isa = XCBuildConfiguration;
			buildSettings = {
				BUNDLE_LOADER = "$(BUILT_PRODUCTS_DIR)/_10_Notification.app/_10_Notification";
				FRAMEWORK_SEARCH_PATHS = (
					"$(SDKROOT)/Developer/Library/Frameworks",
					"$(inherited)",
					"$(DEVELOPER_FRAMEWORKS_DIR)",
				);
				GCC_PRECOMPILE_PREFIX_HEADER = YES;
				GCC_PREFIX_HEADER = "_10_Notification/_10_Notification-Prefix.pch";
				INFOPLIST_FILE = "_10_NotificationTests/_10_NotificationTests-Info.plist";
				PRODUCT_NAME = "$(TARGET_NAME)";
				TEST_HOST = "$(BUNDLE_LOADER)";
				WRAPPER_EXTENSION = xctest;
			};
			name = Release;
		};
/* End XCBuildConfiguration section */

/* Begin XCConfigurationList section */
		60B350B618D3453800371513 /* Build configuration list for PBXProject "_10_Notification" */ = {
			isa = XCConfigurationList;
			buildConfigurations = (
				60B350E518D3453800371513 /* Debug */,
				60B350E618D3453800371513 /* Release */,
			);
			defaultConfigurationIsVisible = 0;
			defaultConfigurationName = Release;
		};
		60B350E718D3453800371513 /* Build configuration list for PBXNativeTarget "_10_Notification" */ = {
			isa = XCConfigurationList;
			buildConfigurations = (
				60B350E818D3453800371513 /* Debug */,
				60B350E918D3453800371513 /* Release */,
			);
			defaultConfigurationIsVisible = 0;
			defaultConfigurationName = Release;
		};
		60B350EA18D3453800371513 /* Build configuration list for PBXNativeTarget "_10_NotificationTests" */ = {
			isa = XCConfigurationList;
			buildConfigurations = (
				60B350EB18D3453800371513 /* Debug */,
				60B350EC18D3453800371513 /* Release */,
			);
			defaultConfigurationIsVisible = 0;
			defaultConfigurationName = Release;
		};
/* End XCConfigurationList section */
	};
	rootObject = 60B350B318D3453800371513 /* Project object */;
}
